// !$*UTF8*$!
{
	archiveVersion = 1;
	classes = {
	};
	objectVersion = 54;
	objects = {

/* Begin PBXBuildFile section */
		79186BE824B8E8E50006183F /* WizardKit.h in Headers */ = {isa = PBXBuildFile; fileRef = 79186BE624B8E8E50006183F /* WizardKit.h */; settings = {ATTRIBUTES = (Public, ); }; };
		79186C0524B8EF450006183F /* LocationHelper.swift in Sources */ = {isa = PBXBuildFile; fileRef = 79186BFF24B8EF440006183F /* LocationHelper.swift */; };
		79186C0824B8EF450006183F /* DateHelper.swift in Sources */ = {isa = PBXBuildFile; fileRef = 79186C0224B8EF440006183F /* DateHelper.swift */; };
		79186C0924B8EF450006183F /* WizardHelper.swift in Sources */ = {isa = PBXBuildFile; fileRef = 79186C0324B8EF440006183F /* WizardHelper.swift */; };
		79186C1824B8F0B80006183F /* Date+Extensions.swift in Sources */ = {isa = PBXBuildFile; fileRef = 79186C1124B8F0B70006183F /* Date+Extensions.swift */; };
		79186C1924B8F0B80006183F /* JSONDecoder+Extensions.swift in Sources */ = {isa = PBXBuildFile; fileRef = 79186C1224B8F0B70006183F /* JSONDecoder+Extensions.swift */; };
		79186C1A24B8F0B80006183F /* EmptyModifier.swift in Sources */ = {isa = PBXBuildFile; fileRef = 79186C1324B8F0B70006183F /* EmptyModifier.swift */; };
		79581E70250AD43400D542CE /* Bundle+Extensions.swift in Sources */ = {isa = PBXBuildFile; fileRef = 79581E6F250AD43400D542CE /* Bundle+Extensions.swift */; };
		796E242E2F6B191100CB8CA6 /* Calendar.swift in Sources */ = {isa = PBXBuildFile; fileRef = 796E242D2F6B191100CB8CA6 /* Calendar.swift */; };
		796E24342F6B403000CB8CA6 /* Theme.swift in Sources */ = {isa = PBXBuildFile; fileRef = 796E24332F6B403000CB8CA6 /* Theme.swift */; };
		7982442A25B12EF7009F6D8B /* EmailHelper.swift in Sources */ = {isa = PBXBuildFile; fileRef = 7982442925B12EF7009F6D8B /* EmailHelper.swift */; };
		79A45F612F6ECE7D0035BDCE /* SettingsComponents.swift in Sources */ = {isa = PBXBuildFile; fileRef = 79A45F602F6ECE7D0035BDCE /* SettingsComponents.swift */; };
		79A45F642F6ED1660035BDCE /* Defaults in Frameworks */ = {isa = PBXBuildFile; productRef = 79A45F632F6ED1660035BDCE /* Defaults */; };
		79A45F662F6ED1660035BDCE /* DefaultsMacros in Frameworks */ = {isa = PBXBuildFile; productRef = 79A45F652F6ED1660035BDCE /* DefaultsMacros */; };
		79A45F682F6ED2370035BDCE /* WizardSettings.swift in Sources */ = {isa = PBXBuildFile; fileRef = 79A45F672F6ED2370035BDCE /* WizardSettings.swift */; };
		79AD3A6C2EA54FD200C22746 /* AnalyticsHelper.swift in Sources */ = {isa = PBXBuildFile; fileRef = 79AD3A6B2EA54FCE00C22746 /* AnalyticsHelper.swift */; };
		79EE02C424C239840044B16D /* Checkbox.swift in Sources */ = {isa = PBXBuildFile; fileRef = 79EE02C324C239840044B16D /* Checkbox.swift */; };
/* End PBXBuildFile section */

/* Begin PBXFileReference section */
		79186BE324B8E8E50006183F /* WizardKit.framework */ = {isa = PBXFileReference; explicitFileType = wrapper.framework; includeInIndex = 0; path = WizardKit.framework; sourceTree = BUILT_PRODUCTS_DIR; };
		79186BE624B8E8E50006183F /* WizardKit.h */ = {isa = PBXFileReference; lastKnownFileType = sourcecode.c.h; path = WizardKit.h; sourceTree = "<group>"; };
		79186BE724B8E8E50006183F /* Info.plist */ = {isa = PBXFileReference; lastKnownFileType = text.plist.xml; path = Info.plist; sourceTree = "<group>"; };
		79186BFF24B8EF440006183F /* LocationHelper.swift */ = {isa = PBXFileReference; fileEncoding = 4; lastKnownFileType = sourcecode.swift; path = LocationHelper.swift; sourceTree = "<group>"; };
		79186C0224B8EF440006183F /* DateHelper.swift */ = {isa = PBXFileReference; fileEncoding = 4; lastKnownFileType = sourcecode.swift; path = DateHelper.swift; sourceTree = "<group>"; };
		79186C0324B8EF440006183F /* WizardHelper.swift */ = {isa = PBXFileReference; fileEncoding = 4; lastKnownFileType = sourcecode.swift; path = WizardHelper.swift; sourceTree = "<group>"; };
		79186C1124B8F0B70006183F /* Date+Extensions.swift */ = {isa = PBXFileReference; fileEncoding = 4; lastKnownFileType = sourcecode.swift; path = "Date+Extensions.swift"; sourceTree = "<group>"; };
		79186C1224B8F0B70006183F /* JSONDecoder+Extensions.swift */ = {isa = PBXFileReference; fileEncoding = 4; lastKnownFileType = sourcecode.swift; path = "JSONDecoder+Extensions.swift"; sourceTree = "<group>"; };
		79186C1324B8F0B70006183F /* EmptyModifier.swift */ = {isa = PBXFileReference; fileEncoding = 4; lastKnownFileType = sourcecode.swift; path = EmptyModifier.swift; sourceTree = "<group>"; };
		79581E6F250AD43400D542CE /* Bundle+Extensions.swift */ = {isa = PBXFileReference; lastKnownFileType = sourcecode.swift; path = "Bundle+Extensions.swift"; sourceTree = "<group>"; };
		796E242D2F6B191100CB8CA6 /* Calendar.swift */ = {isa = PBXFileReference; lastKnownFileType = sourcecode.swift; path = Calendar.swift; sourceTree = "<group>"; };
		796E24332F6B403000CB8CA6 /* Theme.swift */ = {isa = PBXFileReference; lastKnownFileType = sourcecode.swift; path = Theme.swift; sourceTree = "<group>"; };
		7982442925B12EF7009F6D8B /* EmailHelper.swift */ = {isa = PBXFileReference; lastKnownFileType = sourcecode.swift; path = EmailHelper.swift; sourceTree = "<group>"; };
		79A45F602F6ECE7D0035BDCE /* SettingsComponents.swift */ = {isa = PBXFileReference; lastKnownFileType = sourcecode.swift; path = SettingsComponents.swift; sourceTree = "<group>"; };
		79A45F672F6ED2370035BDCE /* WizardSettings.swift */ = {isa = PBXFileReference; lastKnownFileType = sourcecode.swift; path = WizardSettings.swift; sourceTree = "<group>"; };
		79AD3A6B2EA54FCE00C22746 /* AnalyticsHelper.swift */ = {isa = PBXFileReference; lastKnownFileType = sourcecode.swift; path = AnalyticsHelper.swift; sourceTree = "<group>"; };
		79EE02C324C239840044B16D /* Checkbox.swift */ = {isa = PBXFileReference; lastKnownFileType = sourcecode.swift; path = Checkbox.swift; sourceTree = "<group>"; };
/* End PBXFileReference section */

/* Begin PBXFrameworksBuildPhase section */
		79186BE024B8E8E50006183F /* Frameworks */ = {
			isa = PBXFrameworksBuildPhase;
			buildActionMask = 2147483647;
			files = (
				79A45F642F6ED1660035BDCE /* Defaults in Frameworks */,
				79A45F662F6ED1660035BDCE /* DefaultsMacros in Frameworks */,
			);
			runOnlyForDeploymentPostprocessing = 0;
		};
/* End PBXFrameworksBuildPhase section */

/* Begin PBXGroup section */
		568D872D1F3413FE0104872C /* Pods */ = {
			isa = PBXGroup;
			children = (
			);
			path = Pods;
			sourceTree = "<group>";
		};
		79186BD924B8E8E50006183F = {
			isa = PBXGroup;
			children = (
				79186BE524B8E8E50006183F /* WizardKit */,
				79186BE424B8E8E50006183F /* Products */,
				568D872D1F3413FE0104872C /* Pods */,
			);
			sourceTree = "<group>";
		};
		79186BE424B8E8E50006183F /* Products */ = {
			isa = PBXGroup;
			children = (
				79186BE324B8E8E50006183F /* WizardKit.framework */,
			);
			name = Products;
			sourceTree = "<group>";
		};
		79186BE524B8E8E50006183F /* WizardKit */ = {
			isa = PBXGroup;
			children = (
				79A45F5F2F6ECE4F0035BDCE /* User Settings */,
				79186C1E24B8F1EE0006183F /* View Wrappers */,
				79186C0F24B8F0AA0006183F /* Extensions */,
				79186BFE24B8EF300006183F /* Helpers */,
				79186BE624B8E8E50006183F /* WizardKit.h */,
				79186BE724B8E8E50006183F /* Info.plist */,
			);
			path = WizardKit;
			sourceTree = "<group>";
		};
		79186BFE24B8EF300006183F /* Helpers */ = {
			isa = PBXGroup;
			children = (
				79AD3A6B2EA54FCE00C22746 /* AnalyticsHelper.swift */,
				79186BFF24B8EF440006183F /* LocationHelper.swift */,
				79186C0224B8EF440006183F /* DateHelper.swift */,
				79186C0324B8EF440006183F /* WizardHelper.swift */,
				7982442925B12EF7009F6D8B /* EmailHelper.swift */,
			);
			path = Helpers;
			sourceTree = "<group>";
		};
		79186C0F24B8F0AA0006183F /* Extensions */ = {
			isa = PBXGroup;
			children = (
				79186C1224B8F0B70006183F /* JSONDecoder+Extensions.swift */,
				79186C1324B8F0B70006183F /* EmptyModifier.swift */,
				79186C1124B8F0B70006183F /* Date+Extensions.swift */,
				79581E6F250AD43400D542CE /* Bundle+Extensions.swift */,
				796E242D2F6B191100CB8CA6 /* Calendar.swift */,
			);
			path = Extensions;
			sourceTree = "<group>";
		};
		79186C1E24B8F1EE0006183F /* View Wrappers */ = {
			isa = PBXGroup;
			children = (
				79EE02C324C239840044B16D /* Checkbox.swift */,
			);
			path = "View Wrappers";
			sourceTree = "<group>";
		};
		79A45F5F2F6ECE4F0035BDCE /* User Settings */ = {
			isa = PBXGroup;
			children = (
				79A45F602F6ECE7D0035BDCE /* SettingsComponents.swift */,
				796E24332F6B403000CB8CA6 /* Theme.swift */,
				79A45F672F6ED2370035BDCE /* WizardSettings.swift */,
			);
			path = "User Settings";
			sourceTree = "<group>";
		};
/* End PBXGroup section */

/* Begin PBXHeadersBuildPhase section */
		79186BDE24B8E8E50006183F /* Headers */ = {
			isa = PBXHeadersBuildPhase;
			buildActionMask = 2147483647;
			files = (
				79186BE824B8E8E50006183F /* WizardKit.h in Headers */,
			);
			runOnlyForDeploymentPostprocessing = 0;
		};
/* End PBXHeadersBuildPhase section */

/* Begin PBXNativeTarget section */
		79186BE224B8E8E50006183F /* WizardKit */ = {
			isa = PBXNativeTarget;
			buildConfigurationList = 79186BEB24B8E8E50006183F /* Build configuration list for PBXNativeTarget "WizardKit" */;
			buildPhases = (
				79186BDE24B8E8E50006183F /* Headers */,
				79186BDF24B8E8E50006183F /* Sources */,
				79186BE024B8E8E50006183F /* Frameworks */,
				79186BE124B8E8E50006183F /* Resources */,
			);
			buildRules = (
			);
			dependencies = (
			);
			name = WizardKit;
			packageProductDependencies = (
				79A45F632F6ED1660035BDCE /* Defaults */,
				79A45F652F6ED1660035BDCE /* DefaultsMacros */,
			);
			productName = WizardKit;
			productReference = 79186BE324B8E8E50006183F /* WizardKit.framework */;
			productType = "com.apple.product-type.framework";
		};
/* End PBXNativeTarget section */

/* Begin PBXProject section */
		79186BDA24B8E8E50006183F /* Project object */ = {
			isa = PBXProject;
			attributes = {
				BuildIndependentTargetsInParallel = YES;
				LastUpgradeCheck = 2630;
				ORGANIZATIONNAME = "Ahmed El-Khuffash";
				TargetAttributes = {
					79186BE224B8E8E50006183F = {
						CreatedOnToolsVersion = 11.5;
					};
				};
			};
			buildConfigurationList = 79186BDD24B8E8E50006183F /* Build configuration list for PBXProject "WizardKit" */;
			compatibilityVersion = "Xcode 9.3";
			developmentRegion = en;
			hasScannedForEncodings = 0;
			knownRegions = (
				en,
				Base,
			);
			mainGroup = 79186BD924B8E8E50006183F;
			packageReferences = (
				79A45F622F6ED1660035BDCE /* XCRemoteSwiftPackageReference "Defaults" */,
			);
			productRefGroup = 79186BE424B8E8E50006183F /* Products */;
			projectDirPath = "";
			projectRoot = "";
			targets = (
				79186BE224B8E8E50006183F /* WizardKit */,
			);
		};
/* End PBXProject section */

/* Begin PBXResourcesBuildPhase section */
		79186BE124B8E8E50006183F /* Resources */ = {
			isa = PBXResourcesBuildPhase;
			buildActionMask = 2147483647;
			files = (
			);
			runOnlyForDeploymentPostprocessing = 0;
		};
/* End PBXResourcesBuildPhase section */

/* Begin PBXSourcesBuildPhase section */
		79186BDF24B8E8E50006183F /* Sources */ = {
			isa = PBXSourcesBuildPhase;
			buildActionMask = 2147483647;
			files = (
				79186C0924B8EF450006183F /* WizardHelper.swift in Sources */,
				79186C1824B8F0B80006183F /* Date+Extensions.swift in Sources */,
				79186C1A24B8F0B80006183F /* EmptyModifier.swift in Sources */,
				79581E70250AD43400D542CE /* Bundle+Extensions.swift in Sources */,
				796E24342F6B403000CB8CA6 /* Theme.swift in Sources */,
				79EE02C424C239840044B16D /* Checkbox.swift in Sources */,
				79186C0524B8EF450006183F /* LocationHelper.swift in Sources */,
				79186C0824B8EF450006183F /* DateHelper.swift in Sources */,
				79186C1924B8F0B80006183F /* JSONDecoder+Extensions.swift in Sources */,
				79AD3A6C2EA54FD200C22746 /* AnalyticsHelper.swift in Sources */,
				79A45F612F6ECE7D0035BDCE /* SettingsComponents.swift in Sources */,
				7982442A25B12EF7009F6D8B /* EmailHelper.swift in Sources */,
				796E242E2F6B191100CB8CA6 /* Calendar.swift in Sources */,
				79A45F682F6ED2370035BDCE /* WizardSettings.swift in Sources */,
			);
			runOnlyForDeploymentPostprocessing = 0;
		};
/* End PBXSourcesBuildPhase section */

/* Begin XCBuildConfiguration section */
		79186BE924B8E8E50006183F /* Debug */ = {
			isa = XCBuildConfiguration;
			buildSettings = {
				ALWAYS_SEARCH_USER_PATHS = NO;
				CLANG_ANALYZER_NONNULL = YES;
				CLANG_ANALYZER_NUMBER_OBJECT_CONVERSION = YES_AGGRESSIVE;
				CLANG_CXX_LANGUAGE_STANDARD = "gnu++14";
				CLANG_CXX_LIBRARY = "libc++";
				CLANG_ENABLE_MODULES = YES;
				CLANG_ENABLE_OBJC_ARC = YES;
				CLANG_ENABLE_OBJC_WEAK = YES;
				CLANG_WARN_BLOCK_CAPTURE_AUTORELEASING = YES;
				CLANG_WARN_BOOL_CONVERSION = YES;
				CLANG_WARN_COMMA = YES;
				CLANG_WARN_CONSTANT_CONVERSION = YES;
				CLANG_WARN_DEPRECATED_OBJC_IMPLEMENTATIONS = YES;
				CLANG_WARN_DIRECT_OBJC_ISA_USAGE = YES_ERROR;
				CLANG_WARN_DOCUMENTATION_COMMENTS = YES;
				CLANG_WARN_EMPTY_BODY = YES;
				CLANG_WARN_ENUM_CONVERSION = YES;
				CLANG_WARN_INFINITE_RECURSION = YES;
				CLANG_WARN_INT_CONVERSION = YES;
				CLANG_WARN_NON_LITERAL_NULL_CONVERSION = YES;
				CLANG_WARN_OBJC_IMPLICIT_RETAIN_SELF = YES;
				CLANG_WARN_OBJC_LITERAL_CONVERSION = YES;
				CLANG_WARN_OBJC_ROOT_CLASS = YES_ERROR;
				CLANG_WARN_QUOTED_INCLUDE_IN_FRAMEWORK_HEADER = YES;
				CLANG_WARN_RANGE_LOOP_ANALYSIS = YES;
				CLANG_WARN_STRICT_PROTOTYPES = YES;
				CLANG_WARN_SUSPICIOUS_MOVE = YES;
				CLANG_WARN_UNGUARDED_AVAILABILITY = YES_AGGRESSIVE;
				CLANG_WARN_UNREACHABLE_CODE = YES;
				CLANG_WARN__DUPLICATE_METHOD_MATCH = YES;
				COPY_PHASE_STRIP = NO;
				CURRENT_PROJECT_VERSION = 1;
				DEBUG_INFORMATION_FORMAT = dwarf;
				DEVELOPMENT_TEAM = BDWXG523WT;
				ENABLE_BITCODE = NO;
				ENABLE_STRICT_OBJC_MSGSEND = YES;
				ENABLE_TESTABILITY = YES;
				ENABLE_USER_SCRIPT_SANDBOXING = YES;
				GCC_C_LANGUAGE_STANDARD = gnu11;
				GCC_DYNAMIC_NO_PIC = NO;
				GCC_NO_COMMON_BLOCKS = YES;
				GCC_OPTIMIZATION_LEVEL = 0;
				GCC_PREPROCESSOR_DEFINITIONS = (
					"DEBUG=1",
					"$(inherited)",
				);
				GCC_WARN_64_TO_32_BIT_CONVERSION = YES;
				GCC_WARN_ABOUT_RETURN_TYPE = YES_ERROR;
				GCC_WARN_UNDECLARED_SELECTOR = YES;
				GCC_WARN_UNINITIALIZED_AUTOS = YES_AGGRESSIVE;
				GCC_WARN_UNUSED_FUNCTION = YES;
				GCC_WARN_UNUSED_VARIABLE = YES;
				IPHONEOS_DEPLOYMENT_TARGET = 26.0;
				MTL_ENABLE_DEBUG_INFO = INCLUDE_SOURCE;
				MTL_FAST_MATH = YES;
				ONLY_ACTIVE_ARCH = YES;
				SDKROOT = iphoneos;
				STRING_CATALOG_GENERATE_SYMBOLS = YES;
				SWIFT_ACTIVE_COMPILATION_CONDITIONS = DEBUG;
				SWIFT_OPTIMIZATION_LEVEL = "-Onone";
				VERSIONING_SYSTEM = "apple-generic";
				VERSION_INFO_PREFIX = "";
			};
			name = Debug;
		};
		79186BEA24B8E8E50006183F /* Release */ = {
			isa = XCBuildConfiguration;
			buildSettings = {
				ALWAYS_SEARCH_USER_PATHS = NO;
				CLANG_ANALYZER_NONNULL = YES;
				CLANG_ANALYZER_NUMBER_OBJECT_CONVERSION = YES_AGGRESSIVE;
				CLANG_CXX_LANGUAGE_STANDARD = "gnu++14";
				CLANG_CXX_LIBRARY = "libc++";
				CLANG_ENABLE_MODULES = YES;
				CLANG_ENABLE_OBJC_ARC = YES;
				CLANG_ENABLE_OBJC_WEAK = YES;
				CLANG_WARN_BLOCK_CAPTURE_AUTORELEASING = YES;
				CLANG_WARN_BOOL_CONVERSION = YES;
				CLANG_WARN_COMMA = YES;
				CLANG_WARN_CONSTANT_CONVERSION = YES;
				CLANG_WARN_DEPRECATED_OBJC_IMPLEMENTATIONS = YES;
				CLANG_WARN_DIRECT_OBJC_ISA_USAGE = YES_ERROR;
				CLANG_WARN_DOCUMENTATION_COMMENTS = YES;
				CLANG_WARN_EMPTY_BODY = YES;
				CLANG_WARN_ENUM_CONVERSION = YES;
				CLANG_WARN_INFINITE_RECURSION = YES;
				CLANG_WARN_INT_CONVERSION = YES;
				CLANG_WARN_NON_LITERAL_NULL_CONVERSION = YES;
				CLANG_WARN_OBJC_IMPLICIT_RETAIN_SELF = YES;
				CLANG_WARN_OBJC_LITERAL_CONVERSION = YES;
				CLANG_WARN_OBJC_ROOT_CLASS = YES_ERROR;
				CLANG_WARN_QUOTED_INCLUDE_IN_FRAMEWORK_HEADER = YES;
				CLANG_WARN_RANGE_LOOP_ANALYSIS = YES;
				CLANG_WARN_STRICT_PROTOTYPES = YES;
				CLANG_WARN_SUSPICIOUS_MOVE = YES;
				CLANG_WARN_UNGUARDED_AVAILABILITY = YES_AGGRESSIVE;
				CLANG_WARN_UNREACHABLE_CODE = YES;
				CLANG_WARN__DUPLICATE_METHOD_MATCH = YES;
				COPY_PHASE_STRIP = NO;
				CURRENT_PROJECT_VERSION = 1;
				DEBUG_INFORMATION_FORMAT = "dwarf-with-dsym";
				DEVELOPMENT_TEAM = BDWXG523WT;
				ENABLE_BITCODE = NO;
				ENABLE_NS_ASSERTIONS = NO;
				ENABLE_STRICT_OBJC_MSGSEND = YES;
				ENABLE_USER_SCRIPT_SANDBOXING = YES;
				GCC_C_LANGUAGE_STANDARD = gnu11;
				GCC_NO_COMMON_BLOCKS = YES;
				GCC_WARN_64_TO_32_BIT_CONVERSION = YES;
				GCC_WARN_ABOUT_RETURN_TYPE = YES_ERROR;
				GCC_WARN_UNDECLARED_SELECTOR = YES;
				GCC_WARN_UNINITIALIZED_AUTOS = YES_AGGRESSIVE;
				GCC_WARN_UNUSED_FUNCTION = YES;
				GCC_WARN_UNUSED_VARIABLE = YES;
				IPHONEOS_DEPLOYMENT_TARGET = 26.0;
				MTL_ENABLE_DEBUG_INFO = NO;
				MTL_FAST_MATH = YES;
				SDKROOT = iphoneos;
				STRING_CATALOG_GENERATE_SYMBOLS = YES;
				SWIFT_COMPILATION_MODE = wholemodule;
				SWIFT_OPTIMIZATION_LEVEL = "-O";
				VALIDATE_PRODUCT = YES;
				VERSIONING_SYSTEM = "apple-generic";
				VERSION_INFO_PREFIX = "";
			};
			name = Release;
		};
		79186BEC24B8E8E50006183F /* Debug */ = {
			isa = XCBuildConfiguration;
			buildSettings = {
				CODE_SIGN_IDENTITY = "";
				CODE_SIGN_STYLE = Automatic;
				DEFINES_MODULE = YES;
				DYLIB_COMPATIBILITY_VERSION = 1;
				DYLIB_CURRENT_VERSION = 1;
				DYLIB_INSTALL_NAME_BASE = "@rpath";
				ENABLE_MODULE_VERIFIER = YES;
				INFOPLIST_FILE = WizardKit/Info.plist;
				INSTALL_PATH = "$(LOCAL_LIBRARY_DIR)/Frameworks";
				IPHONEOS_DEPLOYMENT_TARGET = 26.0;
				"IPHONEOS_DEPLOYMENT_TARGET[sdk=macosx*]" = 26.0;
				LD_RUNPATH_SEARCH_PATHS = (
					"$(inherited)",
					"@executable_path/Frameworks",
					"@loader_path/Frameworks",
				);
				MODULE_VERIFIER_SUPPORTED_LANGUAGE_STANDARDS = "gnu11 gnu++14";
				PRODUCT_BUNDLE_IDENTIFIER = "com.khuffie.WizardKit-debug";
				PRODUCT_NAME = "$(TARGET_NAME:c99extidentifier)";
				SKIP_INSTALL = YES;
				SWIFT_VERSION = 5.0;
				TARGETED_DEVICE_FAMILY = "1,2";
			};
			name = Debug;
		};
		79186BED24B8E8E50006183F /* Release */ = {
			isa = XCBuildConfiguration;
			buildSettings = {
				CODE_SIGN_IDENTITY = "";
				CODE_SIGN_STYLE = Automatic;
				DEFINES_MODULE = YES;
				DYLIB_COMPATIBILITY_VERSION = 1;
				DYLIB_CURRENT_VERSION = 1;
				DYLIB_INSTALL_NAME_BASE = "@rpath";
				ENABLE_MODULE_VERIFIER = YES;
				INFOPLIST_FILE = WizardKit/Info.plist;
				INSTALL_PATH = "$(LOCAL_LIBRARY_DIR)/Frameworks";
				IPHONEOS_DEPLOYMENT_TARGET = 26.0;
				"IPHONEOS_DEPLOYMENT_TARGET[sdk=macosx*]" = 26.0;
				LD_RUNPATH_SEARCH_PATHS = (
					"$(inherited)",
					"@executable_path/Frameworks",
					"@loader_path/Frameworks",
				);
				MODULE_VERIFIER_SUPPORTED_LANGUAGE_STANDARDS = "gnu11 gnu++14";
				PRODUCT_BUNDLE_IDENTIFIER = com.khuffie.WizardKit;
				PRODUCT_NAME = "$(TARGET_NAME:c99extidentifier)";
				SKIP_INSTALL = YES;
				SWIFT_VERSION = 5.0;
				TARGETED_DEVICE_FAMILY = "1,2";
			};
			name = Release;
		};
/* End XCBuildConfiguration section */

/* Begin XCConfigurationList section */
		79186BDD24B8E8E50006183F /* Build configuration list for PBXProject "WizardKit" */ = {
			isa = XCConfigurationList;
			buildConfigurations = (
				79186BE924B8E8E50006183F /* Debug */,
				79186BEA24B8E8E50006183F /* Release */,
			);
			defaultConfigurationIsVisible = 0;
			defaultConfigurationName = Release;
		};
		79186BEB24B8E8E50006183F /* Build configuration list for PBXNativeTarget "WizardKit" */ = {
			isa = XCConfigurationList;
			buildConfigurations = (
				79186BEC24B8E8E50006183F /* Debug */,
				79186BED24B8E8E50006183F /* Release */,
			);
			defaultConfigurationIsVisible = 0;
			defaultConfigurationName = Release;
		};
/* End XCConfigurationList section */

/* Begin XCRemoteSwiftPackageReference section */
		79A45F622F6ED1660035BDCE /* XCRemoteSwiftPackageReference "Defaults" */ = {
			isa = XCRemoteSwiftPackageReference;
			repositoryURL = "https://github.com/sindresorhus/Defaults";
			requirement = {
				kind = upToNextMajorVersion;
				minimumVersion = 9.0.6;
			};
		};
/* End XCRemoteSwiftPackageReference section */

/* Begin XCSwiftPackageProductDependency section */
		79A45F632F6ED1660035BDCE /* Defaults */ = {
			isa = XCSwiftPackageProductDependency;
			package = 79A45F622F6ED1660035BDCE /* XCRemoteSwiftPackageReference "Defaults" */;
			productName = Defaults;
		};
		79A45F652F6ED1660035BDCE /* DefaultsMacros */ = {
			isa = XCSwiftPackageProductDependency;
			package = 79A45F622F6ED1660035BDCE /* XCRemoteSwiftPackageReference "Defaults" */;
			productName = DefaultsMacros;
		};
/* End XCSwiftPackageProductDependency section */
	};
	rootObject = 79186BDA24B8E8E50006183F /* Project object */;
}
